// !$*UTF8*$!
{
	archiveVersion = 1;
	classes = {
	};
	objectVersion = 48;
	objects = {

/* Begin PBXBuildFile section */
		61CCCEF120206B080070988C /* GridViewController.swift in Sources */ = {isa = PBXBuildFile; fileRef = 61CCCEEF20206B080070988C /* GridViewController.swift */; };
		61CCCEF220206B080070988C /* GridViewController.xib in Resources */ = {isa = PBXBuildFile; fileRef = 61CCCEF020206B080070988C /* GridViewController.xib */; };
		61CCCEF720206E820070988C /* CircleGridViewController.swift in Sources */ = {isa = PBXBuildFile; fileRef = 61CCCEF520206E820070988C /* CircleGridViewController.swift */; };
		61CCCEF820206E820070988C /* CircleGridViewController.xib in Resources */ = {isa = PBXBuildFile; fileRef = 61CCCEF620206E820070988C /* CircleGridViewController.xib */; };
		61CCCEFC20206EB90070988C /* PointMarkerViewController.swift in Sources */ = {isa = PBXBuildFile; fileRef = 61CCCEFA20206EB90070988C /* PointMarkerViewController.swift */; };
		61CCCEFD20206EB90070988C /* PointMarkerViewController.xib in Resources */ = {isa = PBXBuildFile; fileRef = 61CCCEFB20206EB90070988C /* PointMarkerViewController.xib */; };
		61D6EF83201766990002C97C /* AppDelegate.swift in Sources */ = {isa = PBXBuildFile; fileRef = 61D6EF82201766990002C97C /* AppDelegate.swift */; };
		61D6EF85201766990002C97C /* ViewController.swift in Sources */ = {isa = PBXBuildFile; fileRef = 61D6EF84201766990002C97C /* ViewController.swift */; };
		61D6EF88201766990002C97C /* Main.storyboard in Resources */ = {isa = PBXBuildFile; fileRef = 61D6EF86201766990002C97C /* Main.storyboard */; };
		61D6EF8A201766990002C97C /* Assets.xcassets in Resources */ = {isa = PBXBuildFile; fileRef = 61D6EF89201766990002C97C /* Assets.xcassets */; };
		61D6EF8D201766990002C97C /* LaunchScreen.storyboard in Resources */ = {isa = PBXBuildFile; fileRef = 61D6EF8B201766990002C97C /* LaunchScreen.storyboard */; };
		61D6EF98201766990002C97C /* GridProjectTests.swift in Sources */ = {isa = PBXBuildFile; fileRef = 61D6EF97201766990002C97C /* GridProjectTests.swift */; };
		61D6EFA3201766990002C97C /* GridProjectUITests.swift in Sources */ = {isa = PBXBuildFile; fileRef = 61D6EFA2201766990002C97C /* GridProjectUITests.swift */; };
		61D6EFB1201766D30002C97C /* GridView.swift in Sources */ = {isa = PBXBuildFile; fileRef = 61D6EFB0201766D30002C97C /* GridView.swift */; };
		61D6EFB320178A460002C97C /* PointView.swift in Sources */ = {isa = PBXBuildFile; fileRef = 61D6EFB220178A460002C97C /* PointView.swift */; };
		61D6EFB520179EA30002C97C /* CirclesGridView.swift in Sources */ = {isa = PBXBuildFile; fileRef = 61D6EFB420179EA30002C97C /* CirclesGridView.swift */; };
/* End PBXBuildFile section */

/* Begin PBXContainerItemProxy section */
		61D6EF94201766990002C97C /* PBXContainerItemProxy */ = {
			isa = PBXContainerItemProxy;
			containerPortal = 61D6EF77201766990002C97C /* Project object */;
			proxyType = 1;
			remoteGlobalIDString = 61D6EF7E201766990002C97C;
			remoteInfo = GridProject;
		};
		61D6EF9F201766990002C97C /* PBXContainerItemProxy */ = {
			isa = PBXContainerItemProxy;
			containerPortal = 61D6EF77201766990002C97C /* Project object */;
			proxyType = 1;
			remoteGlobalIDString = 61D6EF7E201766990002C97C;
			remoteInfo = GridProject;
		};
/* End PBXContainerItemProxy section */

/* Begin PBXFileReference section */
		61CCCEEF20206B080070988C /* GridViewController.swift */ = {isa = PBXFileReference; lastKnownFileType = sourcecode.swift; path = GridViewController.swift; sourceTree = "<group>"; };
		61CCCEF020206B080070988C /* GridViewController.xib */ = {isa = PBXFileReference; lastKnownFileType = file.xib; path = GridViewController.xib; sourceTree = "<group>"; };
		61CCCEF520206E820070988C /* CircleGridViewController.swift */ = {isa = PBXFileReference; lastKnownFileType = sourcecode.swift; path = CircleGridViewController.swift; sourceTree = "<group>"; };
		61CCCEF620206E820070988C /* CircleGridViewController.xib */ = {isa = PBXFileReference; lastKnownFileType = file.xib; path = CircleGridViewController.xib; sourceTree = "<group>"; };
		61CCCEFA20206EB90070988C /* PointMarkerViewController.swift */ = {isa = PBXFileReference; lastKnownFileType = sourcecode.swift; path = PointMarkerViewController.swift; sourceTree = "<group>"; };
		61CCCEFB20206EB90070988C /* PointMarkerViewController.xib */ = {isa = PBXFileReference; lastKnownFileType = file.xib; path = PointMarkerViewController.xib; sourceTree = "<group>"; };
		61D6EF7F201766990002C97C /* GridProject.app */ = {isa = PBXFileReference; explicitFileType = wrapper.application; includeInIndex = 0; path = GridProject.app; sourceTree = BUILT_PRODUCTS_DIR; };
		61D6EF82201766990002C97C /* AppDelegate.swift */ = {isa = PBXFileReference; lastKnownFileType = sourcecode.swift; path = AppDelegate.swift; sourceTree = "<group>"; };
		61D6EF84201766990002C97C /* ViewController.swift */ = {isa = PBXFileReference; lastKnownFileType = sourcecode.swift; path = ViewController.swift; sourceTree = "<group>"; };
		61D6EF87201766990002C97C /* Base */ = {isa = PBXFileReference; lastKnownFileType = file.storyboard; name = Base; path = Base.lproj/Main.storyboard; sourceTree = "<group>"; };
		61D6EF89201766990002C97C /* Assets.xcassets */ = {isa = PBXFileReference; lastKnownFileType = folder.assetcatalog; path = Assets.xcassets; sourceTree = "<group>"; };
		61D6EF8C201766990002C97C /* Base */ = {isa = PBXFileReference; lastKnownFileType = file.storyboard; name = Base; path = Base.lproj/LaunchScreen.storyboard; sourceTree = "<group>"; };
		61D6EF8E201766990002C97C /* Info.plist */ = {isa = PBXFileReference; lastKnownFileType = text.plist.xml; path = Info.plist; sourceTree = "<group>"; };
		61D6EF93201766990002C97C /* GridProjectTests.xctest */ = {isa = PBXFileReference; explicitFileType = wrapper.cfbundle; includeInIndex = 0; path = GridProjectTests.xctest; sourceTree = BUILT_PRODUCTS_DIR; };
		61D6EF97201766990002C97C /* GridProjectTests.swift */ = {isa = PBXFileReference; lastKnownFileType = sourcecode.swift; path = GridProjectTests.swift; sourceTree = "<group>"; };
		61D6EF99201766990002C97C /* Info.plist */ = {isa = PBXFileReference; lastKnownFileType = text.plist.xml; path = Info.plist; sourceTree = "<group>"; };
		61D6EF9E201766990002C97C /* GridProjectUITests.xctest */ = {isa = PBXFileReference; explicitFileType = wrapper.cfbundle; includeInIndex = 0; path = GridProjectUITests.xctest; sourceTree = BUILT_PRODUCTS_DIR; };
		61D6EFA2201766990002C97C /* GridProjectUITests.swift */ = {isa = PBXFileReference; lastKnownFileType = sourcecode.swift; path = GridProjectUITests.swift; sourceTree = "<group>"; };
		61D6EFA4201766990002C97C /* Info.plist */ = {isa = PBXFileReference; lastKnownFileType = text.plist.xml; path = Info.plist; sourceTree = "<group>"; };
		61D6EFB0201766D30002C97C /* GridView.swift */ = {isa = PBXFileReference; lastKnownFileType = sourcecode.swift; path = GridView.swift; sourceTree = "<group>"; };
		61D6EFB220178A460002C97C /* PointView.swift */ = {isa = PBXFileReference; lastKnownFileType = sourcecode.swift; path = PointView.swift; sourceTree = "<group>"; };
		61D6EFB420179EA30002C97C /* CirclesGridView.swift */ = {isa = PBXFileReference; lastKnownFileType = sourcecode.swift; path = CirclesGridView.swift; sourceTree = "<group>"; };
/* End PBXFileReference section */

/* Begin PBXFrameworksBuildPhase section */
		61D6EF7C201766990002C97C /* Frameworks */ = {
			isa = PBXFrameworksBuildPhase;
			buildActionMask = 2147483647;
			files = (
			);
			runOnlyForDeploymentPostprocessing = 0;
		};
		61D6EF90201766990002C97C /* Frameworks */ = {
			isa = PBXFrameworksBuildPhase;
			buildActionMask = 2147483647;
			files = (
			);
			runOnlyForDeploymentPostprocessing = 0;
		};
		61D6EF9B201766990002C97C /* Frameworks */ = {
			isa = PBXFrameworksBuildPhase;
			buildActionMask = 2147483647;
			files = (
			);
			runOnlyForDeploymentPostprocessing = 0;
		};
/* End PBXFrameworksBuildPhase section */

/* Begin PBXGroup section */
		61CCCEEE20206AF00070988C /* Controllers */ = {
			isa = PBXGroup;
			children = (
				61CCCEF920206EA00070988C /* Point Marker */,
				61CCCEF420206B3F0070988C /* Circle Grid */,
				61CCCEF320206B300070988C /* Grid */,
			);
			path = Controllers;
			sourceTree = "<group>";
		};
		61CCCEF320206B300070988C /* Grid */ = {
			isa = PBXGroup;
			children = (
				61D6EFB0201766D30002C97C /* GridView.swift */,
				61CCCEEF20206B080070988C /* GridViewController.swift */,
				61CCCEF020206B080070988C /* GridViewController.xib */,
			);
			name = Grid;
			sourceTree = "<group>";
		};
		61CCCEF420206B3F0070988C /* Circle Grid */ = {
			isa = PBXGroup;
			children = (
				61D6EFB420179EA30002C97C /* CirclesGridView.swift */,
				61CCCEF520206E820070988C /* CircleGridViewController.swift */,
				61CCCEF620206E820070988C /* CircleGridViewController.xib */,
			);
			path = "Circle Grid";
			sourceTree = "<group>";
		};
		61CCCEF920206EA00070988C /* Point Marker */ = {
			isa = PBXGroup;
			children = (
				61D6EFB220178A460002C97C /* PointView.swift */,
				61CCCEFA20206EB90070988C /* PointMarkerViewController.swift */,
				61CCCEFB20206EB90070988C /* PointMarkerViewController.xib */,
			);
			name = "Point Marker";
			sourceTree = "<group>";
		};
		61D6EF76201766990002C97C = {
			isa = PBXGroup;
			children = (
				61D6EF81201766990002C97C /* GridProject */,
				61D6EF96201766990002C97C /* GridProjectTests */,
				61D6EFA1201766990002C97C /* GridProjectUITests */,
				61D6EF80201766990002C97C /* Products */,
			);
			sourceTree = "<group>";
		};
		61D6EF80201766990002C97C /* Products */ = {
			isa = PBXGroup;
			children = (
				61D6EF7F201766990002C97C /* GridProject.app */,
				61D6EF93201766990002C97C /* GridProjectTests.xctest */,
				61D6EF9E201766990002C97C /* GridProjectUITests.xctest */,
			);
			name = Products;
			sourceTree = "<group>";
		};
		61D6EF81201766990002C97C /* GridProject */ = {
			isa = PBXGroup;
			children = (
				61D6EF82201766990002C97C /* AppDelegate.swift */,
				61D6EF84201766990002C97C /* ViewController.swift */,
				61D6EF86201766990002C97C /* Main.storyboard */,
				61D6EF89201766990002C97C /* Assets.xcassets */,
				61D6EF8B201766990002C97C /* LaunchScreen.storyboard */,
				61D6EF8E201766990002C97C /* Info.plist */,
				61CCCEEE20206AF00070988C /* Controllers */,
			);
			path = GridProject;
			sourceTree = "<group>";
		};
		61D6EF96201766990002C97C /* GridProjectTests */ = {
			isa = PBXGroup;
			children = (
				61D6EF97201766990002C97C /* GridProjectTests.swift */,
				61D6EF99201766990002C97C /* Info.plist */,
			);
			path = GridProjectTests;
			sourceTree = "<group>";
		};
		61D6EFA1201766990002C97C /* GridProjectUITests */ = {
			isa = PBXGroup;
			children = (
				61D6EFA2201766990002C97C /* GridProjectUITests.swift */,
				61D6EFA4201766990002C97C /* Info.plist */,
			);
			path = GridProjectUITests;
			sourceTree = "<group>";
		};
/* End PBXGroup section */

/* Begin PBXNativeTarget section */
		61D6EF7E201766990002C97C /* GridProject */ = {
			isa = PBXNativeTarget;
			buildConfigurationList = 61D6EFA7201766990002C97C /* Build configuration list for PBXNativeTarget "GridProject" */;
			buildPhases = (
				61D6EF7B201766990002C97C /* Sources */,
				61D6EF7C201766990002C97C /* Frameworks */,
				61D6EF7D201766990002C97C /* Resources */,
			);
			buildRules = (
			);
			dependencies = (
			);
			name = GridProject;
			productName = GridProject;
			productReference = 61D6EF7F201766990002C97C /* GridProject.app */;
			productType = "com.apple.product-type.application";
		};
		61D6EF92201766990002C97C /* GridProjectTests */ = {
			isa = PBXNativeTarget;
			buildConfigurationList = 61D6EFAA201766990002C97C /* Build configuration list for PBXNativeTarget "GridProjectTests" */;
			buildPhases = (
				61D6EF8F201766990002C97C /* Sources */,
				61D6EF90201766990002C97C /* Frameworks */,
				61D6EF91201766990002C97C /* Resources */,
			);
			buildRules = (
			);
			dependencies = (
				61D6EF95201766990002C97C /* PBXTargetDependency */,
			);
			name = GridProjectTests;
			productName = GridProjectTests;
			productReference = 61D6EF93201766990002C97C /* GridProjectTests.xctest */;
			productType = "com.apple.product-type.bundle.unit-test";
		};
		61D6EF9D201766990002C97C /* GridProjectUITests */ = {
			isa = PBXNativeTarget;
			buildConfigurationList = 61D6EFAD201766990002C97C /* Build configuration list for PBXNativeTarget "GridProjectUITests" */;
			buildPhases = (
				61D6EF9A201766990002C97C /* Sources */,
				61D6EF9B201766990002C97C /* Frameworks */,
				61D6EF9C201766990002C97C /* Resources */,
			);
			buildRules = (
			);
			dependencies = (
				61D6EFA0201766990002C97C /* PBXTargetDependency */,
			);
			name = GridProjectUITests;
			productName = GridProjectUITests;
			productReference = 61D6EF9E201766990002C97C /* GridProjectUITests.xctest */;
			productType = "com.apple.product-type.bundle.ui-testing";
		};
/* End PBXNativeTarget section */

/* Begin PBXProject section */
		61D6EF77201766990002C97C /* Project object */ = {
			isa = PBXProject;
			attributes = {
				LastSwiftUpdateCheck = 0920;
				LastUpgradeCheck = 0920;
				ORGANIZATIONNAME = "Diaa Alwakil";
				TargetAttributes = {
					61D6EF7E201766990002C97C = {
						CreatedOnToolsVersion = 9.2;
						ProvisioningStyle = Automatic;
					};
					61D6EF92201766990002C97C = {
						CreatedOnToolsVersion = 9.2;
						ProvisioningStyle = Automatic;
						TestTargetID = 61D6EF7E201766990002C97C;
					};
					61D6EF9D201766990002C97C = {
						CreatedOnToolsVersion = 9.2;
						ProvisioningStyle = Automatic;
						TestTargetID = 61D6EF7E201766990002C97C;
					};
				};
			};
			buildConfigurationList = 61D6EF7A201766990002C97C /* Build configuration list for PBXProject "GridProject" */;
			compatibilityVersion = "Xcode 8.0";
			developmentRegion = en;
			hasScannedForEncodings = 0;
			knownRegions = (
				en,
				Base,
			);
			mainGroup = 61D6EF76201766990002C97C;
			productRefGroup = 61D6EF80201766990002C97C /* Products */;
			projectDirPath = "";
			projectRoot = "";
			targets = (
				61D6EF7E201766990002C97C /* GridProject */,
				61D6EF92201766990002C97C /* GridProjectTests */,
				61D6EF9D201766990002C97C /* GridProjectUITests */,
			);
		};
/* End PBXProject section */

/* Begin PBXResourcesBuildPhase section */
		61D6EF7D201766990002C97C /* Resources */ = {
			isa = PBXResourcesBuildPhase;
			buildActionMask = 2147483647;
			files = (
				61CCCEF220206B080070988C /* GridViewController.xib in Resources */,
				61D6EF8D201766990002C97C /* LaunchScreen.storyboard in Resources */,
				61CCCEF820206E820070988C /* CircleGridViewController.xib in Resources */,
				61CCCEFD20206EB90070988C /* PointMarkerViewController.xib in Resources */,
				61D6EF8A201766990002C97C /* Assets.xcassets in Resources */,
				61D6EF88201766990002C97C /* Main.storyboard in Resources */,
			);
			runOnlyForDeploymentPostprocessing = 0;
		};
		61D6EF91201766990002C97C /* Resources */ = {
			isa = PBXResourcesBuildPhase;
			buildActionMask = 2147483647;
			files = (
			);
			runOnlyForDeploymentPostprocessing = 0;
		};
		61D6EF9C201766990002C97C /* Resources */ = {
			isa = PBXResourcesBuildPhase;
			buildActionMask = 2147483647;
			files = (
			);
			runOnlyForDeploymentPostprocessing = 0;
		};
/* End PBXResourcesBuildPhase section */

/* Begin PBXSourcesBuildPhase section */
		61D6EF7B201766990002C97C /* Sources */ = {
			isa = PBXSourcesBuildPhase;
			buildActionMask = 2147483647;
			files = (
				61D6EF85201766990002C97C /* ViewController.swift in Sources */,
				61D6EFB1201766D30002C97C /* GridView.swift in Sources */,
				61CCCEF120206B080070988C /* GridViewController.swift in Sources */,
				61D6EFB520179EA30002C97C /* CirclesGridView.swift in Sources */,
				61D6EF83201766990002C97C /* AppDelegate.swift in Sources */,
				61CCCEFC20206EB90070988C /* PointMarkerViewController.swift in Sources */,
				61CCCEF720206E820070988C /* CircleGridViewController.swift in Sources */,
				61D6EFB320178A460002C97C /* PointView.swift in Sources */,
			);
			runOnlyForDeploymentPostprocessing = 0;
		};
		61D6EF8F201766990002C97C /* Sources */ = {
			isa = PBXSourcesBuildPhase;
			buildActionMask = 2147483647;
			files = (
				61D6EF98201766990002C97C /* GridProjectTests.swift in Sources */,
			);
			runOnlyForDeploymentPostprocessing = 0;
		};
		61D6EF9A201766990002C97C /* Sources */ = {
			isa = PBXSourcesBuildPhase;
			buildActionMask = 2147483647;
			files = (
				61D6EFA3201766990002C97C /* GridProjectUITests.swift in Sources */,
			);
			runOnlyForDeploymentPostprocessing = 0;
		};
/* End PBXSourcesBuildPhase section */

/* Begin PBXTargetDependency section */
		61D6EF95201766990002C97C /* PBXTargetDependency */ = {
			isa = PBXTargetDependency;
			target = 61D6EF7E201766990002C97C /* GridProject */;
			targetProxy = 61D6EF94201766990002C97C /* PBXContainerItemProxy */;
		};
		61D6EFA0201766990002C97C /* PBXTargetDependency */ = {
			isa = PBXTargetDependency;
			target = 61D6EF7E201766990002C97C /* GridProject */;
			targetProxy = 61D6EF9F201766990002C97C /* PBXContainerItemProxy */;
		};
/* End PBXTargetDependency section */

/* Begin PBXVariantGroup section */
		61D6EF86201766990002C97C /* Main.storyboard */ = {
			isa = PBXVariantGroup;
			children = (
				61D6EF87201766990002C97C /* Base */,
			);
			name = Main.storyboard;
			sourceTree = "<group>";
		};
		61D6EF8B201766990002C97C /* LaunchScreen.storyboard */ = {
			isa = PBXVariantGroup;
			children = (
				61D6EF8C201766990002C97C /* Base */,
			);
			name = LaunchScreen.storyboard;
			sourceTree = "<group>";
		};
/* End PBXVariantGroup section */

/* Begin XCBuildConfiguration section */
		61D6EFA5201766990002C97C /* Debug */ = {
			isa = XCBuildConfiguration;
			buildSettings = {
				ALWAYS_SEARCH_USER_PATHS = NO;
				CLANG_ANALYZER_NONNULL = YES;
				CLANG_ANALYZER_NUMBER_OBJECT_CONVERSION = YES_AGGRESSIVE;
				CLANG_CXX_LANGUAGE_STANDARD = "gnu++14";
				CLANG_CXX_LIBRARY = "libc++";
				CLANG_ENABLE_MODULES = YES;
				CLANG_ENABLE_OBJC_ARC = YES;
				CLANG_WARN_BLOCK_CAPTURE_AUTORELEASING = YES;
				CLANG_WARN_BOOL_CONVERSION = YES;
				CLANG_WARN_COMMA = YES;
				CLANG_WARN_CONSTANT_CONVERSION = YES;
				CLANG_WARN_DIRECT_OBJC_ISA_USAGE = YES_ERROR;
				CLANG_WARN_DOCUMENTATION_COMMENTS = YES;
				CLANG_WARN_EMPTY_BODY = YES;
				CLANG_WARN_ENUM_CONVERSION = YES;
				CLANG_WARN_INFINITE_RECURSION = YES;
				CLANG_WARN_INT_CONVERSION = YES;
				CLANG_WARN_NON_LITERAL_NULL_CONVERSION = YES;
				CLANG_WARN_OBJC_LITERAL_CONVERSION = YES;
				CLANG_WARN_OBJC_ROOT_CLASS = YES_ERROR;
				CLANG_WARN_RANGE_LOOP_ANALYSIS = YES;
				CLANG_WARN_STRICT_PROTOTYPES = YES;
				CLANG_WARN_SUSPICIOUS_MOVE = YES;
				CLANG_WARN_UNGUARDED_AVAILABILITY = YES_AGGRESSIVE;
				CLANG_WARN_UNREACHABLE_CODE = YES;
				CLANG_WARN__DUPLICATE_METHOD_MATCH = YES;
				CODE_SIGN_IDENTITY = "iPhone Developer";
				COPY_PHASE_STRIP = NO;
				DEBUG_INFORMATION_FORMAT = dwarf;
				ENABLE_STRICT_OBJC_MSGSEND = YES;
				ENABLE_TESTABILITY = YES;
				GCC_C_LANGUAGE_STANDARD = gnu11;
				GCC_DYNAMIC_NO_PIC = NO;
				GCC_NO_COMMON_BLOCKS = YES;
				GCC_OPTIMIZATION_LEVEL = 0;
				GCC_PREPROCESSOR_DEFINITIONS = (
					"DEBUG=1",
					"$(inherited)",
				);
				GCC_WARN_64_TO_32_BIT_CONVERSION = YES;
				GCC_WARN_ABOUT_RETURN_TYPE = YES_ERROR;
				GCC_WARN_UNDECLARED_SELECTOR = YES;
				GCC_WARN_UNINITIALIZED_AUTOS = YES_AGGRESSIVE;
				GCC_WARN_UNUSED_FUNCTION = YES;
				GCC_WARN_UNUSED_VARIABLE = YES;
				IPHONEOS_DEPLOYMENT_TARGET = 11.2;
				MTL_ENABLE_DEBUG_INFO = YES;
				ONLY_ACTIVE_ARCH = YES;
				SDKROOT = iphoneos;
				SWIFT_ACTIVE_COMPILATION_CONDITIONS = DEBUG;
				SWIFT_OPTIMIZATION_LEVEL = "-Onone";
			};
			name = Debug;
		};
		61D6EFA6201766990002C97C /* Release */ = {
			isa = XCBuildConfiguration;
			buildSettings = {
				ALWAYS_SEARCH_USER_PATHS = NO;
				CLANG_ANALYZER_NONNULL = YES;
				CLANG_ANALYZER_NUMBER_OBJECT_CONVERSION = YES_AGGRESSIVE;
				CLANG_CXX_LANGUAGE_STANDARD = "gnu++14";
				CLANG_CXX_LIBRARY = "libc++";
				CLANG_ENABLE_MODULES = YES;
				CLANG_ENABLE_OBJC_ARC = YES;
				CLANG_WARN_BLOCK_CAPTURE_AUTORELEASING = YES;
				CLANG_WARN_BOOL_CONVERSION = YES;
				CLANG_WARN_COMMA = YES;
				CLANG_WARN_CONSTANT_CONVERSION = YES;
				CLANG_WARN_DIRECT_OBJC_ISA_USAGE = YES_ERROR;
				CLANG_WARN_DOCUMENTATION_COMMENTS = YES;
				CLANG_WARN_EMPTY_BODY = YES;
				CLANG_WARN_ENUM_CONVERSION = YES;
				CLANG_WARN_INFINITE_RECURSION = YES;
				CLANG_WARN_INT_CONVERSION = YES;
				CLANG_WARN_NON_LITERAL_NULL_CONVERSION = YES;
				CLANG_WARN_OBJC_LITERAL_CONVERSION = YES;
				CLANG_WARN_OBJC_ROOT_CLASS = YES_ERROR;
				CLANG_WARN_RANGE_LOOP_ANALYSIS = YES;
				CLANG_WARN_STRICT_PROTOTYPES = YES;
				CLANG_WARN_SUSPICIOUS_MOVE = YES;
				CLANG_WARN_UNGUARDED_AVAILABILITY = YES_AGGRESSIVE;
				CLANG_WARN_UNREACHABLE_CODE = YES;
				CLANG_WARN__DUPLICATE_METHOD_MATCH = YES;
				CODE_SIGN_IDENTITY = "iPhone Developer";
				COPY_PHASE_STRIP = NO;
				DEBUG_INFORMATION_FORMAT = "dwarf-with-dsym";
				ENABLE_NS_ASSERTIONS = NO;
				ENABLE_STRICT_OBJC_MSGSEND = YES;
				GCC_C_LANGUAGE_STANDARD = gnu11;
				GCC_NO_COMMON_BLOCKS = YES;
				GCC_WARN_64_TO_32_BIT_CONVERSION = YES;
				GCC_WARN_ABOUT_RETURN_TYPE = YES_ERROR;
				GCC_WARN_UNDECLARED_SELECTOR = YES;
				GCC_WARN_UNINITIALIZED_AUTOS = YES_AGGRESSIVE;
				GCC_WARN_UNUSED_FUNCTION = YES;
				GCC_WARN_UNUSED_VARIABLE = YES;
				IPHONEOS_DEPLOYMENT_TARGET = 11.2;
				MTL_ENABLE_DEBUG_INFO = NO;
				SDKROOT = iphoneos;
				SWIFT_OPTIMIZATION_LEVEL = "-Owholemodule";
				VALIDATE_PRODUCT = YES;
			};
			name = Release;
		};
		61D6EFA8201766990002C97C /* Debug */ = {
			isa = XCBuildConfiguration;
			buildSettings = {
				ASSETCATALOG_COMPILER_APPICON_NAME = AppIcon;
				CODE_SIGN_STYLE = Automatic;
				DEVELOPMENT_TEAM = WGR3DXNQ5P;
				INFOPLIST_FILE = GridProject/Info.plist;
				LD_RUNPATH_SEARCH_PATHS = "$(inherited) @executable_path/Frameworks";
				PRODUCT_BUNDLE_IDENTIFIER = diaa.GridProject;
				PRODUCT_NAME = "$(TARGET_NAME)";
				SWIFT_VERSION = 4.0;
				TARGETED_DEVICE_FAMILY = "1,2";
			};
			name = Debug;
		};
		61D6EFA9201766990002C97C /* Release */ = {
			isa = XCBuildConfiguration;
			buildSettings = {
				ASSETCATALOG_COMPILER_APPICON_NAME = AppIcon;
				CODE_SIGN_STYLE = Automatic;
				DEVELOPMENT_TEAM = WGR3DXNQ5P;
				INFOPLIST_FILE = GridProject/Info.plist;
				LD_RUNPATH_SEARCH_PATHS = "$(inherited) @executable_path/Frameworks";
				PRODUCT_BUNDLE_IDENTIFIER = diaa.GridProject;
				PRODUCT_NAME = "$(TARGET_NAME)";
				SWIFT_VERSION = 4.0;
				TARGETED_DEVICE_FAMILY = "1,2";
			};
			name = Release;
		};
		61D6EFAB201766990002C97C /* Debug */ = {
			isa = XCBuildConfiguration;
			buildSettings = {
				ALWAYS_EMBED_SWIFT_STANDARD_LIBRARIES = YES;
				BUNDLE_LOADER = "$(TEST_HOST)";
				CODE_SIGN_STYLE = Automatic;
				DEVELOPMENT_TEAM = WGR3DXNQ5P;
				INFOPLIST_FILE = GridProjectTests/Info.plist;
				LD_RUNPATH_SEARCH_PATHS = "$(inherited) @executable_path/Frameworks @loader_path/Frameworks";
				PRODUCT_BUNDLE_IDENTIFIER = diaa.GridProjectTests;
				PRODUCT_NAME = "$(TARGET_NAME)";
				SWIFT_VERSION = 4.0;
				TARGETED_DEVICE_FAMILY = "1,2";
				TEST_HOST = "$(BUILT_PRODUCTS_DIR)/GridProject.app/GridProject";
			};
			name = Debug;
		};
		61D6EFAC201766990002C97C /* Release */ = {
			isa = XCBuildConfiguration;
			buildSettings = {
				ALWAYS_EMBED_SWIFT_STANDARD_LIBRARIES = YES;
				BUNDLE_LOADER = "$(TEST_HOST)";
				CODE_SIGN_STYLE = Automatic;
				DEVELOPMENT_TEAM = WGR3DXNQ5P;
				INFOPLIST_FILE = GridProjectTests/Info.plist;
				LD_RUNPATH_SEARCH_PATHS = "$(inherited) @executable_path/Frameworks @loader_path/Frameworks";
				PRODUCT_BUNDLE_IDENTIFIER = diaa.GridProjectTests;
				PRODUCT_NAME = "$(TARGET_NAME)";
				SWIFT_VERSION = 4.0;
				TARGETED_DEVICE_FAMILY = "1,2";
				TEST_HOST = "$(BUILT_PRODUCTS_DIR)/GridProject.app/GridProject";
			};
			name = Release;
		};
		61D6EFAE201766990002C97C /* Debug */ = {
			isa = XCBuildConfiguration;
			buildSettings = {
				ALWAYS_EMBED_SWIFT_STANDARD_LIBRARIES = YES;
				CODE_SIGN_STYLE = Automatic;
				DEVELOPMENT_TEAM = WGR3DXNQ5P;
				INFOPLIST_FILE = GridProjectUITests/Info.plist;
				LD_RUNPATH_SEARCH_PATHS = "$(inherited) @executable_path/Frameworks @loader_path/Frameworks";
				PRODUCT_BUNDLE_IDENTIFIER = diaa.GridProjectUITests;
				PRODUCT_NAME = "$(TARGET_NAME)";
				SWIFT_VERSION = 4.0;
				TARGETED_DEVICE_FAMILY = "1,2";
				TEST_TARGET_NAME = GridProject;
			};
			name = Debug;
		};
		61D6EFAF201766990002C97C /* Release */ = {
			isa = XCBuildConfiguration;
			buildSettings = {
				ALWAYS_EMBED_SWIFT_STANDARD_LIBRARIES = YES;
				CODE_SIGN_STYLE = Automatic;
				DEVELOPMENT_TEAM = WGR3DXNQ5P;
				INFOPLIST_FILE = GridProjectUITests/Info.plist;
				LD_RUNPATH_SEARCH_PATHS = "$(inherited) @executable_path/Frameworks @loader_path/Frameworks";
				PRODUCT_BUNDLE_IDENTIFIER = diaa.GridProjectUITests;
				PRODUCT_NAME = "$(TARGET_NAME)";
				SWIFT_VERSION = 4.0;
				TARGETED_DEVICE_FAMILY = "1,2";
				TEST_TARGET_NAME = GridProject;
			};
			name = Release;
		};
/* End XCBuildConfiguration section */

/* Begin XCConfigurationList section */
		61D6EF7A201766990002C97C /* Build configuration list for PBXProject "GridProject" */ = {
			isa = XCConfigurationList;
			buildConfigurations = (
				61D6EFA5201766990002C97C /* Debug */,
				61D6EFA6201766990002C97C /* Release */,
			);
			defaultConfigurationIsVisible = 0;
			defaultConfigurationName = Release;
		};
		61D6EFA7201766990002C97C /* Build configuration list for PBXNativeTarget "GridProject" */ = {
			isa = XCConfigurationList;
			buildConfigurations = (
				61D6EFA8201766990002C97C /* Debug */,
				61D6EFA9201766990002C97C /* Release */,
			);
			defaultConfigurationIsVisible = 0;
			defaultConfigurationName = Release;
		};
		61D6EFAA201766990002C97C /* Build configuration list for PBXNativeTarget "GridProjectTests" */ = {
			isa = XCConfigurationList;
			buildConfigurations = (
				61D6EFAB201766990002C97C /* Debug */,
				61D6EFAC201766990002C97C /* Release */,
			);
			defaultConfigurationIsVisible = 0;
			defaultConfigurationName = Release;
		};
		61D6EFAD201766990002C97C /* Build configuration list for PBXNativeTarget "GridProjectUITests" */ = {
			isa = XCConfigurationList;
			buildConfigurations = (
				61D6EFAE201766990002C97C /* Debug */,
				61D6EFAF201766990002C97C /* Release */,
			);
			defaultConfigurationIsVisible = 0;
			defaultConfigurationName = Release;
		};
/* End XCConfigurationList section */
	};
	rootObject = 61D6EF77201766990002C97C /* Project object */;
}
